
Microsoft Visual Studio Solution File, Format Version 12.00
# Visual Studio Version 17
VisualStudioVersion = 17.4.33213.308
MinimumVisualStudioVersion = 10.0.40219.1
Project("{F184B08F-C81C-45F6-A57F-5ABD9991F28F}") = "EmpInfo", "EmpInfo\EmpInfo.vbproj", "{A2D803DD-CE19-40DF-9942-F2EE563DDFA5}"
EndProject
Global
	GlobalSection(SolutionConfigurationPlatforms) = preSolution
		Debug|Any CPU = Debug|Any CPU
		Release|Any CPU = Release|Any CPU
	EndGlobalSection
	GlobalSection(ProjectConfigurationPlatforms) = postSolution
		{A2D803DD-CE19-40DF-9942-F2EE563DDFA5}.Debug|Any CPU.ActiveCfg = Debug|Any CPU
		{A2D803DD-CE19-40DF-9942-F2EE563DDFA5}.Debug|Any CPU.Build.0 = Debug|Any CPU
		{A2D803DD-CE19-40DF-9942-F2EE563DDFA5}.Release|Any CPU.ActiveCfg = Release|Any CPU
		{A2D803DD-CE19-40DF-9942-F2EE563DDFA5}.Release|Any CPU.Build.0 = Release|Any CPU
	EndGlobalSection
	GlobalSection(SolutionProperties) = preSolution
		HideSolutionNode = FALSE
	EndGlobalSection
	GlobalSection(ExtensibilityGlobals) = postSolution
		SolutionGuid = {659040C1-19A9-44D4-95F2-DB1D9E3E4B71}
	EndGlobalSection
EndGlobal
